
Microsoft Visual Studio Solution File, Format Version 12.00
# Visual Studio Version 17
VisualStudioVersion = 17.6.33829.357
MinimumVisualStudioVersion = 10.0.40219.1
Project("{FAE04EC0-301F-11D3-BF4B-00C04F79EFBC}") = "EjercicioCalculadoraAritmetica", "EjercicioCalculadoraAritmetica.csproj", "{FED87ACE-F5D9-4DB9-A852-E64B50E4D4BA}"
EndProject
Global
	GlobalSection(SolutionConfigurationPlatforms) = preSolution
		Debug|Any CPU = Debug|Any CPU
		Release|Any CPU = Release|Any CPU
	EndGlobalSection
	GlobalSection(ProjectConfigurationPlatforms) = postSolution
		{FED87ACE-F5D9-4DB9-A852-E64B50E4D4BA}.Debug|Any CPU.ActiveCfg = Debug|Any CPU
		{FED87ACE-F5D9-4DB9-A852-E64B50E4D4BA}.Debug|Any CPU.Build.0 = Debug|Any CPU
		{FED87ACE-F5D9-4DB9-A852-E64B50E4D4BA}.Release|Any CPU.ActiveCfg = Release|Any CPU
		{FED87ACE-F5D9-4DB9-A852-E64B50E4D4BA}.Release|Any CPU.Build.0 = Release|Any CPU
	EndGlobalSection
	GlobalSection(SolutionProperties) = preSolution
		HideSolutionNode = FALSE
	EndGlobalSection
	GlobalSection(ExtensibilityGlobals) = postSolution
		SolutionGuid = {9F9DD43D-AF8C-426B-A69F-656675D3E2FC}
	EndGlobalSection
EndGlobal
